
Microsoft Visual Studio Solution File, Format Version 12.00
# Visual Studio 15
Project("{FAE04EC0-301F-11D3-BF4B-00C04F79EFBC}") = "Mirror", "Mirror.csproj", "{882F8EA0-54EB-9875-3DDA-32FCA1CB4670}"
EndProject
Project("{FAE04EC0-301F-11D3-BF4B-00C04F79EFBC}") = "Edgegap", "Edgegap.csproj", "{84478C4A-8EAB-0BB2-5549-5DEF9B5299E8}"
EndProject
Project("{FAE04EC0-301F-11D3-BF4B-00C04F79EFBC}") = "Assembly-CSharp", "Assembly-CSharp.csproj", "{8D8537B4-770C-78B0-584A-F85A742F5CDA}"
EndProject
Project("{FAE04EC0-301F-11D3-BF4B-00C04F79EFBC}") = "Unity.Mirror.CodeGen", "Unity.Mirror.CodeGen.csproj", "{83F8F55A-33A0-3CED-6BC2-78178A6BF14A}"
EndProject
Project("{FAE04EC0-301F-11D3-BF4B-00C04F79EFBC}") = "Mirror.Components", "Mirror.Components.csproj", "{B42CBD44-7120-5FF2-4D80-5ABB3721C774}"
EndProject
Project("{FAE04EC0-301F-11D3-BF4B-00C04F79EFBC}") = "Mirror.Examples", "Mirror.Examples.csproj", "{E0FECE30-BACE-8459-6085-C10247787473}"
EndProject
Project("{FAE04EC0-301F-11D3-BF4B-00C04F79EFBC}") = "Assembly-CSharp-Editor", "Assembly-CSharp-Editor.csproj", "{31FFBBCE-FA3D-F20A-A211-24ACFDD97A8A}"
EndProject
Project("{FAE04EC0-301F-11D3-BF4B-00C04F79EFBC}") = "Mirror.Editor", "Mirror.Editor.csproj", "{F1144F00-5E37-CE86-4CB3-950755949C9C}"
EndProject
Project("{FAE04EC0-301F-11D3-BF4B-00C04F79EFBC}") = "Mirror.Transports", "Mirror.Transports.csproj", "{AF1AAB4B-C7E6-7D4D-1C3F-0C991034EE97}"
EndProject
Project("{FAE04EC0-301F-11D3-BF4B-00C04F79EFBC}") = "tjgenerators.Editor", "tjgenerators.Editor.csproj", "{64E7F004-0F35-B081-C5A9-22F4FD6D0A7D}"
EndProject
Project("{FAE04EC0-301F-11D3-BF4B-00C04F79EFBC}") = "UnityTcp.CustomTool", "UnityTcp.CustomTool.csproj", "{44C28B58-33C5-F937-27BA-956A087973CE}"
EndProject
Project("{FAE04EC0-301F-11D3-BF4B-00C04F79EFBC}") = "kcp2k", "kcp2k.csproj", "{4A941017-FE26-C292-1948-6EAC709BFD32}"
EndProject
Project("{FAE04EC0-301F-11D3-BF4B-00C04F79EFBC}") = "SimpleWebTransport", "SimpleWebTransport.csproj", "{A8A64443-2E41-9364-5D36-63D1DDF2B872}"
EndProject
Project("{FAE04EC0-301F-11D3-BF4B-00C04F79EFBC}") = "Mirror.Authenticators", "Mirror.Authenticators.csproj", "{B7861F82-4604-0C51-96F1-65F5D71427AC}"
EndProject
Project("{FAE04EC0-301F-11D3-BF4B-00C04F79EFBC}") = "EncryptionTransportEditor", "EncryptionTransportEditor.csproj", "{77E27C55-97B2-94D8-EDCF-FAE0D000C11E}"
EndProject
Project("{FAE04EC0-301F-11D3-BF4B-00C04F79EFBC}") = "Telepathy", "Telepathy.csproj", "{C950A592-636E-9BE2-638F-01596863FA4F}"
EndProject
Project("{FAE04EC0-301F-11D3-BF4B-00C04F79EFBC}") = "TJGenerators.Runtime", "TJGenerators.Runtime.csproj", "{869D6A14-B88C-697D-680F-909C6775A67D}"
EndProject
Project("{FAE04EC0-301F-11D3-BF4B-00C04F79EFBC}") = "Mirror.CompilerSymbols", "Mirror.CompilerSymbols.csproj", "{9B366522-F6F6-9739-B463-85BE13BB81E9}"
EndProject
Global
	GlobalSection(SolutionConfigurationPlatforms) = preSolution
		Debug|Any CPU = Debug|Any CPU
		Release|Any CPU = Release|Any CPU
	EndGlobalSection
	GlobalSection(ProjectConfigurationPlatforms) = postSolution
		{882F8EA0-54EB-9875-3DDA-32FCA1CB4670}.Debug|Any CPU.ActiveCfg = Debug|Any CPU
		{882F8EA0-54EB-9875-3DDA-32FCA1CB4670}.Debug|Any CPU.Build.0 = Debug|Any CPU
		{882F8EA0-54EB-9875-3DDA-32FCA1CB4670}.Release|Any CPU.ActiveCfg = Release|Any CPU
		{882F8EA0-54EB-9875-3DDA-32FCA1CB4670}.Release|Any CPU.Build.0 = Release|Any CPU
		{84478C4A-8EAB-0BB2-5549-5DEF9B5299E8}.Debug|Any CPU.ActiveCfg = Debug|Any CPU
		{84478C4A-8EAB-0BB2-5549-5DEF9B5299E8}.Debug|Any CPU.Build.0 = Debug|Any CPU
		{84478C4A-8EAB-0BB2-5549-5DEF9B5299E8}.Release|Any CPU.ActiveCfg = Release|Any CPU
		{84478C4A-8EAB-0BB2-5549-5DEF9B5299E8}.Release|Any CPU.Build.0 = Release|Any CPU
		{8D8537B4-770C-78B0-584A-F85A742F5CDA}.Debug|Any CPU.ActiveCfg = Debug|Any CPU
		{8D8537B4-770C-78B0-584A-F85A742F5CDA}.Debug|Any CPU.Build.0 = Debug|Any CPU
		{8D8537B4-770C-78B0-584A-F85A742F5CDA}.Release|Any CPU.ActiveCfg = Release|Any CPU
		{8D8537B4-770C-78B0-584A-F85A742F5CDA}.Release|Any CPU.Build.0 = Release|Any CPU
		{83F8F55A-33A0-3CED-6BC2-78178A6BF14A}.Debug|Any CPU.ActiveCfg = Debug|Any CPU
		{83F8F55A-33A0-3CED-6BC2-78178A6BF14A}.Debug|Any CPU.Build.0 = Debug|Any CPU
		{83F8F55A-33A0-3CED-6BC2-78178A6BF14A}.Release|Any CPU.ActiveCfg = Release|Any CPU
		{83F8F55A-33A0-3CED-6BC2-78178A6BF14A}.Release|Any CPU.Build.0 = Release|Any CPU
		{B42CBD44-7120-5FF2-4D80-5ABB3721C774}.Debug|Any CPU.ActiveCfg = Debug|Any CPU
		{B42CBD44-7120-5FF2-4D80-5ABB3721C774}.Debug|Any CPU.Build.0 = Debug|Any CPU
		{B42CBD44-7120-5FF2-4D80-5ABB3721C774}.Release|Any CPU.ActiveCfg = Release|Any CPU
		{B42CBD44-7120-5FF2-4D80-5ABB3721C774}.Release|Any CPU.Build.0 = Release|Any CPU
		{E0FECE30-BACE-8459-6085-C10247787473}.Debug|Any CPU.ActiveCfg = Debug|Any CPU
		{E0FECE30-BACE-8459-6085-C10247787473}.Debug|Any CPU.Build.0 = Debug|Any CPU
		{E0FECE30-BACE-8459-6085-C10247787473}.Release|Any CPU.ActiveCfg = Release|Any CPU
		{E0FECE30-BACE-8459-6085-C10247787473}.Release|Any CPU.Build.0 = Release|Any CPU
		{31FFBBCE-FA3D-F20A-A211-24ACFDD97A8A}.Debug|Any CPU.ActiveCfg = Debug|Any CPU
		{31FFBBCE-FA3D-F20A-A211-24ACFDD97A8A}.Debug|Any CPU.Build.0 = Debug|Any CPU
		{31FFBBCE-FA3D-F20A-A211-24ACFDD97A8A}.Release|Any CPU.ActiveCfg = Release|Any CPU
		{31FFBBCE-FA3D-F20A-A211-24ACFDD97A8A}.Release|Any CPU.Build.0 = Release|Any CPU
		{F1144F00-5E37-CE86-4CB3-950755949C9C}.Debug|Any CPU.ActiveCfg = Debug|Any CPU
		{F1144F00-5E37-CE86-4CB3-950755949C9C}.Debug|Any CPU.Build.0 = Debug|Any CPU
		{F1144F00-5E37-CE86-4CB3-950755949C9C}.Release|Any CPU.ActiveCfg = Release|Any CPU
		{F1144F00-5E37-CE86-4CB3-950755949C9C}.Release|Any CPU.Build.0 = Release|Any CPU
		{AF1AAB4B-C7E6-7D4D-1C3F-0C991034EE97}.Debug|Any CPU.ActiveCfg = Debug|Any CPU
		{AF1AAB4B-C7E6-7D4D-1C3F-0C991034EE97}.Debug|Any CPU.Build.0 = Debug|Any CPU
		{AF1AAB4B-C7E6-7D4D-1C3F-0C991034EE97}.Release|Any CPU.ActiveCfg = Release|Any CPU
		{AF1AAB4B-C7E6-7D4D-1C3F-0C991034EE97}.Release|Any CPU.Build.0 = Release|Any CPU
		{64E7F004-0F35-B081-C5A9-22F4FD6D0A7D}.Debug|Any CPU.ActiveCfg = Debug|Any CPU
		{64E7F004-0F35-B081-C5A9-22F4FD6D0A7D}.Debug|Any CPU.Build.0 = Debug|Any CPU
		{64E7F004-0F35-B081-C5A9-22F4FD6D0A7D}.Release|Any CPU.ActiveCfg = Release|Any CPU
		{64E7F004-0F35-B081-C5A9-22F4FD6D0A7D}.Release|Any CPU.Build.0 = Release|Any CPU
		{44C28B58-33C5-F937-27BA-956A087973CE}.Debug|Any CPU.ActiveCfg = Debug|Any CPU
		{44C28B58-33C5-F937-27BA-956A087973CE}.Debug|Any CPU.Build.0 = Debug|Any CPU
		{44C28B58-33C5-F937-27BA-956A087973CE}.Release|Any CPU.ActiveCfg = Release|Any CPU
		{44C28B58-33C5-F937-27BA-956A087973CE}.Release|Any CPU.Build.0 = Release|Any CPU
		{4A941017-FE26-C292-1948-6EAC709BFD32}.Debug|Any CPU.ActiveCfg = Debug|Any CPU
		{4A941017-FE26-C292-1948-6EAC709BFD32}.Debug|Any CPU.Build.0 = Debug|Any CPU
		{4A941017-FE26-C292-1948-6EAC709BFD32}.Release|Any CPU.ActiveCfg = Release|Any CPU
		{4A941017-FE26-C292-1948-6EAC709BFD32}.Release|Any CPU.Build.0 = Release|Any CPU
		{A8A64443-2E41-9364-5D36-63D1DDF2B872}.Debug|Any CPU.ActiveCfg = Debug|Any CPU
		{A8A64443-2E41-9364-5D36-63D1DDF2B872}.Debug|Any CPU.Build.0 = Debug|Any CPU
		{A8A64443-2E41-9364-5D36-63D1DDF2B872}.Release|Any CPU.ActiveCfg = Release|Any CPU
		{A8A64443-2E41-9364-5D36-63D1DDF2B872}.Release|Any CPU.Build.0 = Release|Any CPU
		{B7861F82-4604-0C51-96F1-65F5D71427AC}.Debug|Any CPU.ActiveCfg = Debug|Any CPU
		{B7861F82-4604-0C51-96F1-65F5D71427AC}.Debug|Any CPU.Build.0 = Debug|Any CPU
		{B7861F82-4604-0C51-96F1-65F5D71427AC}.Release|Any CPU.ActiveCfg = Release|Any CPU
		{B7861F82-4604-0C51-96F1-65F5D71427AC}.Release|Any CPU.Build.0 = Release|Any CPU
		{77E27C55-97B2-94D8-EDCF-FAE0D000C11E}.Debug|Any CPU.ActiveCfg = Debug|Any CPU
		{77E27C55-97B2-94D8-EDCF-FAE0D000C11E}.Debug|Any CPU.Build.0 = Debug|Any CPU
		{77E27C55-97B2-94D8-EDCF-FAE0D000C11E}.Release|Any CPU.ActiveCfg = Release|Any CPU
		{77E27C55-97B2-94D8-EDCF-FAE0D000C11E}.Release|Any CPU.Build.0 = Release|Any CPU
		{C950A592-636E-9BE2-638F-01596863FA4F}.Debug|Any CPU.ActiveCfg = Debug|Any CPU
		{C950A592-636E-9BE2-638F-01596863FA4F}.Debug|Any CPU.Build.0 = Debug|Any CPU
		{C950A592-636E-9BE2-638F-01596863FA4F}.Release|Any CPU.ActiveCfg = Release|Any CPU
		{C950A592-636E-9BE2-638F-01596863FA4F}.Release|Any CPU.Build.0 = Release|Any CPU
		{869D6A14-B88C-697D-680F-909C6775A67D}.Debug|Any CPU.ActiveCfg = Debug|Any CPU
		{869D6A14-B88C-697D-680F-909C6775A67D}.Debug|Any CPU.Build.0 = Debug|Any CPU
		{869D6A14-B88C-697D-680F-909C6775A67D}.Release|Any CPU.ActiveCfg = Release|Any CPU
		{869D6A14-B88C-697D-680F-909C6775A67D}.Release|Any CPU.Build.0 = Release|Any CPU
		{9B366522-F6F6-9739-B463-85BE13BB81E9}.Debug|Any CPU.ActiveCfg = Debug|Any CPU
		{9B366522-F6F6-9739-B463-85BE13BB81E9}.Debug|Any CPU.Build.0 = Debug|Any CPU
		{9B366522-F6F6-9739-B463-85BE13BB81E9}.Release|Any CPU.ActiveCfg = Release|Any CPU
		{9B366522-F6F6-9739-B463-85BE13BB81E9}.Release|Any CPU.Build.0 = Release|Any CPU
	EndGlobalSection
	GlobalSection(SolutionProperties) = preSolution
		HideSolutionNode = FALSE
	EndGlobalSection
EndGlobal
